
Microsoft Visual Studio Solution File, Format Version 12.00
# Visual Studio Version 17
VisualStudioVersion = 17.5.33516.290
MinimumVisualStudioVersion = 10.0.40219.1
Project("{9A19103F-16F7-4668-BE54-9A1E7A4F7556}") = "Develop_Challenge_API", "Develop_Challenge_API\Develop_Challenge_API.csproj", "{E58E0EF8-13D2-4F6B-8C0C-F15AB223B086}"
EndProject
Project("{9A19103F-16F7-4668-BE54-9A1E7A4F7556}") = "Infraestrutura", "Infrastructure\Infraestrutura.csproj", "{C0BCF256-64BE-4393-B22C-4867AB157662}"
EndProject
Project("{9A19103F-16F7-4668-BE54-9A1E7A4F7556}") = "Dominio", "Service\Dominio.csproj", "{5CF4C82F-A3E5-4D6D-86A3-2AC2AB2BB781}"
EndProject
Project("{9A19103F-16F7-4668-BE54-9A1E7A4F7556}") = "Core", "Core\Core.csproj", "{60725027-8B8C-45BC-860A-6C5981702307}"
EndProject
Global
	GlobalSection(SolutionConfigurationPlatforms) = preSolution
		Debug|Any CPU = Debug|Any CPU
		Release|Any CPU = Release|Any CPU
	EndGlobalSection
	GlobalSection(ProjectConfigurationPlatforms) = postSolution
		{E58E0EF8-13D2-4F6B-8C0C-F15AB223B086}.Debug|Any CPU.ActiveCfg = Debug|Any CPU
		{E58E0EF8-13D2-4F6B-8C0C-F15AB223B086}.Debug|Any CPU.Build.0 = Debug|Any CPU
		{E58E0EF8-13D2-4F6B-8C0C-F15AB223B086}.Release|Any CPU.ActiveCfg = Release|Any CPU
		{E58E0EF8-13D2-4F6B-8C0C-F15AB223B086}.Release|Any CPU.Build.0 = Release|Any CPU
		{C0BCF256-64BE-4393-B22C-4867AB157662}.Debug|Any CPU.ActiveCfg = Debug|Any CPU
		{C0BCF256-64BE-4393-B22C-4867AB157662}.Debug|Any CPU.Build.0 = Debug|Any CPU
		{C0BCF256-64BE-4393-B22C-4867AB157662}.Release|Any CPU.ActiveCfg = Release|Any CPU
		{C0BCF256-64BE-4393-B22C-4867AB157662}.Release|Any CPU.Build.0 = Release|Any CPU
		{5CF4C82F-A3E5-4D6D-86A3-2AC2AB2BB781}.Debug|Any CPU.ActiveCfg = Debug|Any CPU
		{5CF4C82F-A3E5-4D6D-86A3-2AC2AB2BB781}.Debug|Any CPU.Build.0 = Debug|Any CPU
		{5CF4C82F-A3E5-4D6D-86A3-2AC2AB2BB781}.Release|Any CPU.ActiveCfg = Release|Any CPU
		{5CF4C82F-A3E5-4D6D-86A3-2AC2AB2BB781}.Release|Any CPU.Build.0 = Release|Any CPU
		{60725027-8B8C-45BC-860A-6C5981702307}.Debug|Any CPU.ActiveCfg = Debug|Any CPU
		{60725027-8B8C-45BC-860A-6C5981702307}.Debug|Any CPU.Build.0 = Debug|Any CPU
		{60725027-8B8C-45BC-860A-6C5981702307}.Release|Any CPU.ActiveCfg = Release|Any CPU
		{60725027-8B8C-45BC-860A-6C5981702307}.Release|Any CPU.Build.0 = Release|Any CPU
	EndGlobalSection
	GlobalSection(SolutionProperties) = preSolution
		HideSolutionNode = FALSE
	EndGlobalSection
	GlobalSection(ExtensibilityGlobals) = postSolution
		SolutionGuid = {C894EB25-FEE0-43DB-A80D-3AD7A9DC8011}
	EndGlobalSection
EndGlobal
